
Microsoft Visual Studio Solution File, Format Version 12.00
# Visual Studio Version 17
VisualStudioVersion = 17.0.32014.148
MinimumVisualStudioVersion = 10.0.40219.1
Project("{FAE04EC0-301F-11D3-BF4B-00C04F79EFBC}") = "WindowsFormsAppProyectoMDS1", "WindowsFormsAppProyectoMDS1\WindowsFormsAppProyectoMDS1.csproj", "{FBFA4F70-C9A6-4910-A3A7-D0B1D561AF3E}"
EndProject
Project("{FAE04EC0-301F-11D3-BF4B-00C04F79EFBC}") = "AuthThest", "AuthThest\AuthThest.csproj", "{C0AC5BAF-D58F-488F-85EE-0330C7C6A482}"
EndProject
Global
	GlobalSection(SolutionConfigurationPlatforms) = preSolution
		Debug|Any CPU = Debug|Any CPU
		Release|Any CPU = Release|Any CPU
	EndGlobalSection
	GlobalSection(ProjectConfigurationPlatforms) = postSolution
		{FBFA4F70-C9A6-4910-A3A7-D0B1D561AF3E}.Debug|Any CPU.ActiveCfg = Debug|Any CPU
		{FBFA4F70-C9A6-4910-A3A7-D0B1D561AF3E}.Debug|Any CPU.Build.0 = Debug|Any CPU
		{FBFA4F70-C9A6-4910-A3A7-D0B1D561AF3E}.Release|Any CPU.ActiveCfg = Release|Any CPU
		{FBFA4F70-C9A6-4910-A3A7-D0B1D561AF3E}.Release|Any CPU.Build.0 = Release|Any CPU
		{C0AC5BAF-D58F-488F-85EE-0330C7C6A482}.Debug|Any CPU.ActiveCfg = Debug|Any CPU
		{C0AC5BAF-D58F-488F-85EE-0330C7C6A482}.Debug|Any CPU.Build.0 = Debug|Any CPU
		{C0AC5BAF-D58F-488F-85EE-0330C7C6A482}.Release|Any CPU.ActiveCfg = Release|Any CPU
		{C0AC5BAF-D58F-488F-85EE-0330C7C6A482}.Release|Any CPU.Build.0 = Release|Any CPU
	EndGlobalSection
	GlobalSection(SolutionProperties) = preSolution
		HideSolutionNode = FALSE
	EndGlobalSection
	GlobalSection(ExtensibilityGlobals) = postSolution
		SolutionGuid = {49A8ED38-5283-44F8-B6F2-8E71B3068DA9}
	EndGlobalSection
EndGlobal
